// !$*UTF8*$!
{
	archiveVersion = 1;
	classes = {
	};
	objectVersion = 50;
	objects = {

/* Begin PBXBuildFile section */
		1B3FD993243FB742002C4FF6 /* AppDelegate.swift in Sources */ = {isa = PBXBuildFile; fileRef = 1B3FD992243FB742002C4FF6 /* AppDelegate.swift */; };
		1B3FD995243FB742002C4FF6 /* SceneDelegate.swift in Sources */ = {isa = PBXBuildFile; fileRef = 1B3FD994243FB742002C4FF6 /* SceneDelegate.swift */; };
		1B3FD997243FB742002C4FF6 /* ViewController.swift in Sources */ = {isa = PBXBuildFile; fileRef = 1B3FD996243FB742002C4FF6 /* ViewController.swift */; };
		1B3FD99A243FB742002C4FF6 /* Main.storyboard in Resources */ = {isa = PBXBuildFile; fileRef = 1B3FD998243FB742002C4FF6 /* Main.storyboard */; };
		1B3FD99C243FB745002C4FF6 /* Assets.xcassets in Resources */ = {isa = PBXBuildFile; fileRef = 1B3FD99B243FB745002C4FF6 /* Assets.xcassets */; };
		1B3FD99F243FB745002C4FF6 /* LaunchScreen.storyboard in Resources */ = {isa = PBXBuildFile; fileRef = 1B3FD99D243FB745002C4FF6 /* LaunchScreen.storyboard */; };
		1B3FD9A9243FD5B8002C4FF6 /* TopEntriesListModule.swift in Sources */ = {isa = PBXBuildFile; fileRef = 1B3FD9A8243FD5B8002C4FF6 /* TopEntriesListModule.swift */; };
		1B3FD9AF243FD63F002C4FF6 /* TopEntriesListInteractorProtocol.swift in Sources */ = {isa = PBXBuildFile; fileRef = 1B3FD9AE243FD63F002C4FF6 /* TopEntriesListInteractorProtocol.swift */; };
		1B3FD9B1243FD66F002C4FF6 /* TopEntriesListPresenterProtocol.swift in Sources */ = {isa = PBXBuildFile; fileRef = 1B3FD9B0243FD66F002C4FF6 /* TopEntriesListPresenterProtocol.swift */; };
		1B3FD9B3243FD693002C4FF6 /* TopEntriesListRouterProtocol.swift in Sources */ = {isa = PBXBuildFile; fileRef = 1B3FD9B2243FD693002C4FF6 /* TopEntriesListRouterProtocol.swift */; };
		1B3FD9B5243FD6BB002C4FF6 /* TopEntriesListViewControllerProtocol.swift in Sources */ = {isa = PBXBuildFile; fileRef = 1B3FD9B4243FD6BB002C4FF6 /* TopEntriesListViewControllerProtocol.swift */; };
		1B3FD9B7243FD808002C4FF6 /* TopEntriesListInteractor.swift in Sources */ = {isa = PBXBuildFile; fileRef = 1B3FD9B6243FD808002C4FF6 /* TopEntriesListInteractor.swift */; };
		1B3FD9B9243FD847002C4FF6 /* TopEntriesListPresenter.swift in Sources */ = {isa = PBXBuildFile; fileRef = 1B3FD9B8243FD847002C4FF6 /* TopEntriesListPresenter.swift */; };
		1B3FD9BB243FD8B9002C4FF6 /* TopEntriesListRouter.swift in Sources */ = {isa = PBXBuildFile; fileRef = 1B3FD9BA243FD8B9002C4FF6 /* TopEntriesListRouter.swift */; };
		1B3FD9BD243FD9BE002C4FF6 /* TopEntriesListViewController.swift in Sources */ = {isa = PBXBuildFile; fileRef = 1B3FD9BC243FD9BE002C4FF6 /* TopEntriesListViewController.swift */; };
		1B3FD9C1243FDE7C002C4FF6 /* RedditPost.swift in Sources */ = {isa = PBXBuildFile; fileRef = 1B3FD9C0243FDE7C002C4FF6 /* RedditPost.swift */; };
		1B3FD9C3243FDE86002C4FF6 /* RedditPostService.swift in Sources */ = {isa = PBXBuildFile; fileRef = 1B3FD9C2243FDE86002C4FF6 /* RedditPostService.swift */; };
		1B3FD9C7243FE16B002C4FF6 /* ActivityCell.swift in Sources */ = {isa = PBXBuildFile; fileRef = 1B3FD9C6243FE16B002C4FF6 /* ActivityCell.swift */; };
		1B3FD9CC243FE276002C4FF6 /* UIView+Constraints.swift in Sources */ = {isa = PBXBuildFile; fileRef = 1B3FD9CB243FE276002C4FF6 /* UIView+Constraints.swift */; };
/* End PBXBuildFile section */

/* Begin PBXFileReference section */
		1B3FD98F243FB742002C4FF6 /* VIPER Examplle.app */ = {isa = PBXFileReference; explicitFileType = wrapper.application; includeInIndex = 0; path = "VIPER Examplle.app"; sourceTree = BUILT_PRODUCTS_DIR; };
		1B3FD992243FB742002C4FF6 /* AppDelegate.swift */ = {isa = PBXFileReference; lastKnownFileType = sourcecode.swift; path = AppDelegate.swift; sourceTree = "<group>"; };
		1B3FD994243FB742002C4FF6 /* SceneDelegate.swift */ = {isa = PBXFileReference; lastKnownFileType = sourcecode.swift; path = SceneDelegate.swift; sourceTree = "<group>"; };
		1B3FD996243FB742002C4FF6 /* ViewController.swift */ = {isa = PBXFileReference; lastKnownFileType = sourcecode.swift; path = ViewController.swift; sourceTree = "<group>"; };
		1B3FD999243FB742002C4FF6 /* Base */ = {isa = PBXFileReference; lastKnownFileType = file.storyboard; name = Base; path = Base.lproj/Main.storyboard; sourceTree = "<group>"; };
		1B3FD99B243FB745002C4FF6 /* Assets.xcassets */ = {isa = PBXFileReference; lastKnownFileType = folder.assetcatalog; path = Assets.xcassets; sourceTree = "<group>"; };
		1B3FD99E243FB745002C4FF6 /* Base */ = {isa = PBXFileReference; lastKnownFileType = file.storyboard; name = Base; path = Base.lproj/LaunchScreen.storyboard; sourceTree = "<group>"; };
		1B3FD9A0243FB745002C4FF6 /* Info.plist */ = {isa = PBXFileReference; lastKnownFileType = text.plist.xml; path = Info.plist; sourceTree = "<group>"; };
		1B3FD9A8243FD5B8002C4FF6 /* TopEntriesListModule.swift */ = {isa = PBXFileReference; lastKnownFileType = sourcecode.swift; path = TopEntriesListModule.swift; sourceTree = "<group>"; };
		1B3FD9AE243FD63F002C4FF6 /* TopEntriesListInteractorProtocol.swift */ = {isa = PBXFileReference; lastKnownFileType = sourcecode.swift; path = TopEntriesListInteractorProtocol.swift; sourceTree = "<group>"; };
		1B3FD9B0243FD66F002C4FF6 /* TopEntriesListPresenterProtocol.swift */ = {isa = PBXFileReference; lastKnownFileType = sourcecode.swift; path = TopEntriesListPresenterProtocol.swift; sourceTree = "<group>"; };
		1B3FD9B2243FD693002C4FF6 /* TopEntriesListRouterProtocol.swift */ = {isa = PBXFileReference; lastKnownFileType = sourcecode.swift; path = TopEntriesListRouterProtocol.swift; sourceTree = "<group>"; };
		1B3FD9B4243FD6BB002C4FF6 /* TopEntriesListViewControllerProtocol.swift */ = {isa = PBXFileReference; lastKnownFileType = sourcecode.swift; path = TopEntriesListViewControllerProtocol.swift; sourceTree = "<group>"; };
		1B3FD9B6243FD808002C4FF6 /* TopEntriesListInteractor.swift */ = {isa = PBXFileReference; lastKnownFileType = sourcecode.swift; path = TopEntriesListInteractor.swift; sourceTree = "<group>"; };
		1B3FD9B8243FD847002C4FF6 /* TopEntriesListPresenter.swift */ = {isa = PBXFileReference; lastKnownFileType = sourcecode.swift; path = TopEntriesListPresenter.swift; sourceTree = "<group>"; };
		1B3FD9BA243FD8B9002C4FF6 /* TopEntriesListRouter.swift */ = {isa = PBXFileReference; lastKnownFileType = sourcecode.swift; path = TopEntriesListRouter.swift; sourceTree = "<group>"; };
		1B3FD9BC243FD9BE002C4FF6 /* TopEntriesListViewController.swift */ = {isa = PBXFileReference; lastKnownFileType = sourcecode.swift; path = TopEntriesListViewController.swift; sourceTree = "<group>"; };
		1B3FD9C0243FDE7C002C4FF6 /* RedditPost.swift */ = {isa = PBXFileReference; lastKnownFileType = sourcecode.swift; path = RedditPost.swift; sourceTree = "<group>"; };
		1B3FD9C2243FDE86002C4FF6 /* RedditPostService.swift */ = {isa = PBXFileReference; lastKnownFileType = sourcecode.swift; path = RedditPostService.swift; sourceTree = "<group>"; };
		1B3FD9C6243FE16B002C4FF6 /* ActivityCell.swift */ = {isa = PBXFileReference; lastKnownFileType = sourcecode.swift; path = ActivityCell.swift; sourceTree = "<group>"; };
		1B3FD9CB243FE276002C4FF6 /* UIView+Constraints.swift */ = {isa = PBXFileReference; lastKnownFileType = sourcecode.swift; path = "UIView+Constraints.swift"; sourceTree = "<group>"; };
/* End PBXFileReference section */

/* Begin PBXFrameworksBuildPhase section */
		1B3FD98C243FB742002C4FF6 /* Frameworks */ = {
			isa = PBXFrameworksBuildPhase;
			buildActionMask = 2147483647;
			files = (
			);
			runOnlyForDeploymentPostprocessing = 0;
		};
/* End PBXFrameworksBuildPhase section */

/* Begin PBXGroup section */
		1B3FD986243FB742002C4FF6 = {
			isa = PBXGroup;
			children = (
				1B3FD991243FB742002C4FF6 /* VIPER Examplle */,
				1B3FD990243FB742002C4FF6 /* Products */,
			);
			sourceTree = "<group>";
		};
		1B3FD990243FB742002C4FF6 /* Products */ = {
			isa = PBXGroup;
			children = (
				1B3FD98F243FB742002C4FF6 /* VIPER Examplle.app */,
			);
			name = Products;
			sourceTree = "<group>";
		};
		1B3FD991243FB742002C4FF6 /* VIPER Examplle */ = {
			isa = PBXGroup;
			children = (
				1B3FD9C4243FE14E002C4FF6 /* Common */,
				1B3FD9A6243FD459002C4FF6 /* Modules */,
				1B3FD9BE243FDE19002C4FF6 /* Model */,
				1B3FD992243FB742002C4FF6 /* AppDelegate.swift */,
				1B3FD994243FB742002C4FF6 /* SceneDelegate.swift */,
				1B3FD996243FB742002C4FF6 /* ViewController.swift */,
				1B3FD998243FB742002C4FF6 /* Main.storyboard */,
				1B3FD99B243FB745002C4FF6 /* Assets.xcassets */,
				1B3FD99D243FB745002C4FF6 /* LaunchScreen.storyboard */,
				1B3FD9A0243FB745002C4FF6 /* Info.plist */,
			);
			path = "VIPER Examplle";
			sourceTree = "<group>";
		};
		1B3FD9A6243FD459002C4FF6 /* Modules */ = {
			isa = PBXGroup;
			children = (
				1B3FD9A7243FD4A2002C4FF6 /* TopEntriesList */,
			);
			path = Modules;
			sourceTree = "<group>";
		};
		1B3FD9A7243FD4A2002C4FF6 /* TopEntriesList */ = {
			isa = PBXGroup;
			children = (
				1B3FD9AA243FD604002C4FF6 /* Interactor */,
				1B3FD9AB243FD60B002C4FF6 /* Presenter */,
				1B3FD9AC243FD610002C4FF6 /* Router */,
				1B3FD9AD243FD614002C4FF6 /* View */,
				1B3FD9A8243FD5B8002C4FF6 /* TopEntriesListModule.swift */,
			);
			path = TopEntriesList;
			sourceTree = "<group>";
		};
		1B3FD9AA243FD604002C4FF6 /* Interactor */ = {
			isa = PBXGroup;
			children = (
				1B3FD9AE243FD63F002C4FF6 /* TopEntriesListInteractorProtocol.swift */,
				1B3FD9B6243FD808002C4FF6 /* TopEntriesListInteractor.swift */,
			);
			path = Interactor;
			sourceTree = "<group>";
		};
		1B3FD9AB243FD60B002C4FF6 /* Presenter */ = {
			isa = PBXGroup;
			children = (
				1B3FD9B0243FD66F002C4FF6 /* TopEntriesListPresenterProtocol.swift */,
				1B3FD9B8243FD847002C4FF6 /* TopEntriesListPresenter.swift */,
			);
			path = Presenter;
			sourceTree = "<group>";
		};
		1B3FD9AC243FD610002C4FF6 /* Router */ = {
			isa = PBXGroup;
			children = (
				1B3FD9B2243FD693002C4FF6 /* TopEntriesListRouterProtocol.swift */,
				1B3FD9BA243FD8B9002C4FF6 /* TopEntriesListRouter.swift */,
			);
			path = Router;
			sourceTree = "<group>";
		};
		1B3FD9AD243FD614002C4FF6 /* View */ = {
			isa = PBXGroup;
			children = (
				1B3FD9B4243FD6BB002C4FF6 /* TopEntriesListViewControllerProtocol.swift */,
				1B3FD9BC243FD9BE002C4FF6 /* TopEntriesListViewController.swift */,
			);
			path = View;
			sourceTree = "<group>";
		};
		1B3FD9BE243FDE19002C4FF6 /* Model */ = {
			isa = PBXGroup;
			children = (
				1B3FD9BF243FDE6A002C4FF6 /* RedditPost */,
			);
			path = Model;
			sourceTree = "<group>";
		};
		1B3FD9BF243FDE6A002C4FF6 /* RedditPost */ = {
			isa = PBXGroup;
			children = (
				1B3FD9C0243FDE7C002C4FF6 /* RedditPost.swift */,
				1B3FD9C2243FDE86002C4FF6 /* RedditPostService.swift */,
			);
			path = RedditPost;
			sourceTree = "<group>";
		};
		1B3FD9C4243FE14E002C4FF6 /* Common */ = {
			isa = PBXGroup;
			children = (
				1B3FD9CA243FE26A002C4FF6 /* Extensions */,
				1B3FD9C5243FE154002C4FF6 /* Cells */,
			);
			path = Common;
			sourceTree = "<group>";
		};
		1B3FD9C5243FE154002C4FF6 /* Cells */ = {
			isa = PBXGroup;
			children = (
				1B3FD9C6243FE16B002C4FF6 /* ActivityCell.swift */,
			);
			path = Cells;
			sourceTree = "<group>";
		};
		1B3FD9CA243FE26A002C4FF6 /* Extensions */ = {
			isa = PBXGroup;
			children = (
				1B3FD9CB243FE276002C4FF6 /* UIView+Constraints.swift */,
			);
			path = Extensions;
			sourceTree = "<group>";
		};
/* End PBXGroup section */

/* Begin PBXNativeTarget section */
		1B3FD98E243FB742002C4FF6 /* VIPER Examplle */ = {
			isa = PBXNativeTarget;
			buildConfigurationList = 1B3FD9A3243FB745002C4FF6 /* Build configuration list for PBXNativeTarget "VIPER Examplle" */;
			buildPhases = (
				1B3FD98B243FB742002C4FF6 /* Sources */,
				1B3FD98C243FB742002C4FF6 /* Frameworks */,
				1B3FD98D243FB742002C4FF6 /* Resources */,
			);
			buildRules = (
			);
			dependencies = (
			);
			name = "VIPER Examplle";
			productName = "VIPER Examplle";
			productReference = 1B3FD98F243FB742002C4FF6 /* VIPER Examplle.app */;
			productType = "com.apple.product-type.application";
		};
/* End PBXNativeTarget section */

/* Begin PBXProject section */
		1B3FD987243FB742002C4FF6 /* Project object */ = {
			isa = PBXProject;
			attributes = {
				LastSwiftUpdateCheck = 1130;
				LastUpgradeCheck = 1130;
				ORGANIZATIONNAME = "Alex Iartsev";
				TargetAttributes = {
					1B3FD98E243FB742002C4FF6 = {
						CreatedOnToolsVersion = 11.3.1;
					};
				};
			};
			buildConfigurationList = 1B3FD98A243FB742002C4FF6 /* Build configuration list for PBXProject "VIPER Examplle" */;
			compatibilityVersion = "Xcode 9.3";
			developmentRegion = en;
			hasScannedForEncodings = 0;
			knownRegions = (
				en,
				Base,
			);
			mainGroup = 1B3FD986243FB742002C4FF6;
			productRefGroup = 1B3FD990243FB742002C4FF6 /* Products */;
			projectDirPath = "";
			projectRoot = "";
			targets = (
				1B3FD98E243FB742002C4FF6 /* VIPER Examplle */,
			);
		};
/* End PBXProject section */

/* Begin PBXResourcesBuildPhase section */
		1B3FD98D243FB742002C4FF6 /* Resources */ = {
			isa = PBXResourcesBuildPhase;
			buildActionMask = 2147483647;
			files = (
				1B3FD99F243FB745002C4FF6 /* LaunchScreen.storyboard in Resources */,
				1B3FD99C243FB745002C4FF6 /* Assets.xcassets in Resources */,
				1B3FD99A243FB742002C4FF6 /* Main.storyboard in Resources */,
			);
			runOnlyForDeploymentPostprocessing = 0;
		};
/* End PBXResourcesBuildPhase section */

/* Begin PBXSourcesBuildPhase section */
		1B3FD98B243FB742002C4FF6 /* Sources */ = {
			isa = PBXSourcesBuildPhase;
			buildActionMask = 2147483647;
			files = (
				1B3FD9A9243FD5B8002C4FF6 /* TopEntriesListModule.swift in Sources */,
				1B3FD9BB243FD8B9002C4FF6 /* TopEntriesListRouter.swift in Sources */,
				1B3FD9B9243FD847002C4FF6 /* TopEntriesListPresenter.swift in Sources */,
				1B3FD997243FB742002C4FF6 /* ViewController.swift in Sources */,
				1B3FD9B5243FD6BB002C4FF6 /* TopEntriesListViewControllerProtocol.swift in Sources */,
				1B3FD993243FB742002C4FF6 /* AppDelegate.swift in Sources */,
				1B3FD9AF243FD63F002C4FF6 /* TopEntriesListInteractorProtocol.swift in Sources */,
				1B3FD9C7243FE16B002C4FF6 /* ActivityCell.swift in Sources */,
				1B3FD9B7243FD808002C4FF6 /* TopEntriesListInteractor.swift in Sources */,
				1B3FD995243FB742002C4FF6 /* SceneDelegate.swift in Sources */,
				1B3FD9B3243FD693002C4FF6 /* TopEntriesListRouterProtocol.swift in Sources */,
				1B3FD9B1243FD66F002C4FF6 /* TopEntriesListPresenterProtocol.swift in Sources */,
				1B3FD9C1243FDE7C002C4FF6 /* RedditPost.swift in Sources */,
				1B3FD9BD243FD9BE002C4FF6 /* TopEntriesListViewController.swift in Sources */,
				1B3FD9C3243FDE86002C4FF6 /* RedditPostService.swift in Sources */,
				1B3FD9CC243FE276002C4FF6 /* UIView+Constraints.swift in Sources */,
			);
			runOnlyForDeploymentPostprocessing = 0;
		};
/* End PBXSourcesBuildPhase section */

/* Begin PBXVariantGroup section */
		1B3FD998243FB742002C4FF6 /* Main.storyboard */ = {
			isa = PBXVariantGroup;
			children = (
				1B3FD999243FB742002C4FF6 /* Base */,
			);
			name = Main.storyboard;
			sourceTree = "<group>";
		};
		1B3FD99D243FB745002C4FF6 /* LaunchScreen.storyboard */ = {
			isa = PBXVariantGroup;
			children = (
				1B3FD99E243FB745002C4FF6 /* Base */,
			);
			name = LaunchScreen.storyboard;
			sourceTree = "<group>";
		};
/* End PBXVariantGroup section */

/* Begin XCBuildConfiguration section */
		1B3FD9A1243FB745002C4FF6 /* Debug */ = {
			isa = XCBuildConfiguration;
			buildSettings = {
				ALWAYS_SEARCH_USER_PATHS = NO;
				CLANG_ANALYZER_NONNULL = YES;
				CLANG_ANALYZER_NUMBER_OBJECT_CONVERSION = YES_AGGRESSIVE;
				CLANG_CXX_LANGUAGE_STANDARD = "gnu++14";
				CLANG_CXX_LIBRARY = "libc++";
				CLANG_ENABLE_MODULES = YES;
				CLANG_ENABLE_OBJC_ARC = YES;
				CLANG_ENABLE_OBJC_WEAK = YES;
				CLANG_WARN_BLOCK_CAPTURE_AUTORELEASING = YES;
				CLANG_WARN_BOOL_CONVERSION = YES;
				CLANG_WARN_COMMA = YES;
				CLANG_WARN_CONSTANT_CONVERSION = YES;
				CLANG_WARN_DEPRECATED_OBJC_IMPLEMENTATIONS = YES;
				CLANG_WARN_DIRECT_OBJC_ISA_USAGE = YES_ERROR;
				CLANG_WARN_DOCUMENTATION_COMMENTS = YES;
				CLANG_WARN_EMPTY_BODY = YES;
				CLANG_WARN_ENUM_CONVERSION = YES;
				CLANG_WARN_INFINITE_RECURSION = YES;
				CLANG_WARN_INT_CONVERSION = YES;
				CLANG_WARN_NON_LITERAL_NULL_CONVERSION = YES;
				CLANG_WARN_OBJC_IMPLICIT_RETAIN_SELF = YES;
				CLANG_WARN_OBJC_LITERAL_CONVERSION = YES;
				CLANG_WARN_OBJC_ROOT_CLASS = YES_ERROR;
				CLANG_WARN_RANGE_LOOP_ANALYSIS = YES;
				CLANG_WARN_STRICT_PROTOTYPES = YES;
				CLANG_WARN_SUSPICIOUS_MOVE = YES;
				CLANG_WARN_UNGUARDED_AVAILABILITY = YES_AGGRESSIVE;
				CLANG_WARN_UNREACHABLE_CODE = YES;
				CLANG_WARN__DUPLICATE_METHOD_MATCH = YES;
				COPY_PHASE_STRIP = NO;
				DEBUG_INFORMATION_FORMAT = dwarf;
				ENABLE_STRICT_OBJC_MSGSEND = YES;
				ENABLE_TESTABILITY = YES;
				GCC_C_LANGUAGE_STANDARD = gnu11;
				GCC_DYNAMIC_NO_PIC = NO;
				GCC_NO_COMMON_BLOCKS = YES;
				GCC_OPTIMIZATION_LEVEL = 0;
				GCC_PREPROCESSOR_DEFINITIONS = (
					"DEBUG=1",
					"$(inherited)",
				);
				GCC_WARN_64_TO_32_BIT_CONVERSION = YES;
				GCC_WARN_ABOUT_RETURN_TYPE = YES_ERROR;
				GCC_WARN_UNDECLARED_SELECTOR = YES;
				GCC_WARN_UNINITIALIZED_AUTOS = YES_AGGRESSIVE;
				GCC_WARN_UNUSED_FUNCTION = YES;
				GCC_WARN_UNUSED_VARIABLE = YES;
				IPHONEOS_DEPLOYMENT_TARGET = 13.2;
				MTL_ENABLE_DEBUG_INFO = INCLUDE_SOURCE;
				MTL_FAST_MATH = YES;
				ONLY_ACTIVE_ARCH = YES;
				SDKROOT = iphoneos;
				SWIFT_ACTIVE_COMPILATION_CONDITIONS = DEBUG;
				SWIFT_OPTIMIZATION_LEVEL = "-Onone";
			};
			name = Debug;
		};
		1B3FD9A2243FB745002C4FF6 /* Release */ = {
			isa = XCBuildConfiguration;
			buildSettings = {
				ALWAYS_SEARCH_USER_PATHS = NO;
				CLANG_ANALYZER_NONNULL = YES;
				CLANG_ANALYZER_NUMBER_OBJECT_CONVERSION = YES_AGGRESSIVE;
				CLANG_CXX_LANGUAGE_STANDARD = "gnu++14";
				CLANG_CXX_LIBRARY = "libc++";
				CLANG_ENABLE_MODULES = YES;
				CLANG_ENABLE_OBJC_ARC = YES;
				CLANG_ENABLE_OBJC_WEAK = YES;
				CLANG_WARN_BLOCK_CAPTURE_AUTORELEASING = YES;
				CLANG_WARN_BOOL_CONVERSION = YES;
				CLANG_WARN_COMMA = YES;
				CLANG_WARN_CONSTANT_CONVERSION = YES;
				CLANG_WARN_DEPRECATED_OBJC_IMPLEMENTATIONS = YES;
				CLANG_WARN_DIRECT_OBJC_ISA_USAGE = YES_ERROR;
				CLANG_WARN_DOCUMENTATION_COMMENTS = YES;
				CLANG_WARN_EMPTY_BODY = YES;
				CLANG_WARN_ENUM_CONVERSION = YES;
				CLANG_WARN_INFINITE_RECURSION = YES;
				CLANG_WARN_INT_CONVERSION = YES;
				CLANG_WARN_NON_LITERAL_NULL_CONVERSION = YES;
				CLANG_WARN_OBJC_IMPLICIT_RETAIN_SELF = YES;
				CLANG_WARN_OBJC_LITERAL_CONVERSION = YES;
				CLANG_WARN_OBJC_ROOT_CLASS = YES_ERROR;
				CLANG_WARN_RANGE_LOOP_ANALYSIS = YES;
				CLANG_WARN_STRICT_PROTOTYPES = YES;
				CLANG_WARN_SUSPICIOUS_MOVE = YES;
				CLANG_WARN_UNGUARDED_AVAILABILITY = YES_AGGRESSIVE;
				CLANG_WARN_UNREACHABLE_CODE = YES;
				CLANG_WARN__DUPLICATE_METHOD_MATCH = YES;
				COPY_PHASE_STRIP = NO;
				DEBUG_INFORMATION_FORMAT = "dwarf-with-dsym";
				ENABLE_NS_ASSERTIONS = NO;
				ENABLE_STRICT_OBJC_MSGSEND = YES;
				GCC_C_LANGUAGE_STANDARD = gnu11;
				GCC_NO_COMMON_BLOCKS = YES;
				GCC_WARN_64_TO_32_BIT_CONVERSION = YES;
				GCC_WARN_ABOUT_RETURN_TYPE = YES_ERROR;
				GCC_WARN_UNDECLARED_SELECTOR = YES;
				GCC_WARN_UNINITIALIZED_AUTOS = YES_AGGRESSIVE;
				GCC_WARN_UNUSED_FUNCTION = YES;
				GCC_WARN_UNUSED_VARIABLE = YES;
				IPHONEOS_DEPLOYMENT_TARGET = 13.2;
				MTL_ENABLE_DEBUG_INFO = NO;
				MTL_FAST_MATH = YES;
				SDKROOT = iphoneos;
				SWIFT_COMPILATION_MODE = wholemodule;
				SWIFT_OPTIMIZATION_LEVEL = "-O";
				VALIDATE_PRODUCT = YES;
			};
			name = Release;
		};
		1B3FD9A4243FB745002C4FF6 /* Debug */ = {
			isa = XCBuildConfiguration;
			buildSettings = {
				ASSETCATALOG_COMPILER_APPICON_NAME = AppIcon;
				CODE_SIGN_STYLE = Automatic;
				INFOPLIST_FILE = "VIPER Examplle/Info.plist";
				LD_RUNPATH_SEARCH_PATHS = (
					"$(inherited)",
					"@executable_path/Frameworks",
				);
				PRODUCT_BUNDLE_IDENTIFIER = "aiartsev.VIPER-Examplle";
				PRODUCT_NAME = "$(TARGET_NAME)";
				SWIFT_VERSION = 5.0;
				TARGETED_DEVICE_FAMILY = "1,2";
			};
			name = Debug;
		};
		1B3FD9A5243FB745002C4FF6 /* Release */ = {
			isa = XCBuildConfiguration;
			buildSettings = {
				ASSETCATALOG_COMPILER_APPICON_NAME = AppIcon;
				CODE_SIGN_STYLE = Automatic;
				INFOPLIST_FILE = "VIPER Examplle/Info.plist";
				LD_RUNPATH_SEARCH_PATHS = (
					"$(inherited)",
					"@executable_path/Frameworks",
				);
				PRODUCT_BUNDLE_IDENTIFIER = "aiartsev.VIPER-Examplle";
				PRODUCT_NAME = "$(TARGET_NAME)";
				SWIFT_VERSION = 5.0;
				TARGETED_DEVICE_FAMILY = "1,2";
			};
			name = Release;
		};
/* End XCBuildConfiguration section */

/* Begin XCConfigurationList section */
		1B3FD98A243FB742002C4FF6 /* Build configuration list for PBXProject "VIPER Examplle" */ = {
			isa = XCConfigurationList;
			buildConfigurations = (
				1B3FD9A1243FB745002C4FF6 /* Debug */,
				1B3FD9A2243FB745002C4FF6 /* Release */,
			);
			defaultConfigurationIsVisible = 0;
			defaultConfigurationName = Release;
		};
		1B3FD9A3243FB745002C4FF6 /* Build configuration list for PBXNativeTarget "VIPER Examplle" */ = {
			isa = XCConfigurationList;
			buildConfigurations = (
				1B3FD9A4243FB745002C4FF6 /* Debug */,
				1B3FD9A5243FB745002C4FF6 /* Release */,
			);
			defaultConfigurationIsVisible = 0;
			defaultConfigurationName = Release;
		};
/* End XCConfigurationList section */
	};
	rootObject = 1B3FD987243FB742002C4FF6 /* Project object */;
}
